
Microsoft Visual Studio Solution File, Format Version 12.00
# Visual Studio Version 17
VisualStudioVersion = 17.11.35222.181
MinimumVisualStudioVersion = 10.0.40219.1
Project("{9A19103F-16F7-4668-BE54-9A1E7A4F7556}") = "Broker", "Broker\Broker.csproj", "{FA1ADA9F-F69F-4859-BD8F-8B7D7BC672ED}"
EndProject
Project("{9A19103F-16F7-4668-BE54-9A1E7A4F7556}") = "Common", "Common\Common.csproj", "{DBD962BA-B945-4848-A8D4-F9E5D25CB799}"
EndProject
Project("{9A19103F-16F7-4668-BE54-9A1E7A4F7556}") = "Sender", "Sender\Sender.csproj", "{AD758E5E-C958-4848-9F9D-DF5F70DE5521}"
EndProject
Project("{FAE04EC0-301F-11D3-BF4B-00C04F79EFBC}") = "Receiver", "Receiver\Receiver.csproj", "{487FA99E-E90C-47CF-A034-D17082A21465}"
EndProject
Global
	GlobalSection(SolutionConfigurationPlatforms) = preSolution
		Debug|Any CPU = Debug|Any CPU
		Release|Any CPU = Release|Any CPU
	EndGlobalSection
	GlobalSection(ProjectConfigurationPlatforms) = postSolution
		{FA1ADA9F-F69F-4859-BD8F-8B7D7BC672ED}.Debug|Any CPU.ActiveCfg = Debug|Any CPU
		{FA1ADA9F-F69F-4859-BD8F-8B7D7BC672ED}.Debug|Any CPU.Build.0 = Debug|Any CPU
		{FA1ADA9F-F69F-4859-BD8F-8B7D7BC672ED}.Release|Any CPU.ActiveCfg = Release|Any CPU
		{FA1ADA9F-F69F-4859-BD8F-8B7D7BC672ED}.Release|Any CPU.Build.0 = Release|Any CPU
		{DBD962BA-B945-4848-A8D4-F9E5D25CB799}.Debug|Any CPU.ActiveCfg = Debug|Any CPU
		{DBD962BA-B945-4848-A8D4-F9E5D25CB799}.Debug|Any CPU.Build.0 = Debug|Any CPU
		{DBD962BA-B945-4848-A8D4-F9E5D25CB799}.Release|Any CPU.ActiveCfg = Release|Any CPU
		{DBD962BA-B945-4848-A8D4-F9E5D25CB799}.Release|Any CPU.Build.0 = Release|Any CPU
		{AD758E5E-C958-4848-9F9D-DF5F70DE5521}.Debug|Any CPU.ActiveCfg = Debug|Any CPU
		{AD758E5E-C958-4848-9F9D-DF5F70DE5521}.Debug|Any CPU.Build.0 = Debug|Any CPU
		{AD758E5E-C958-4848-9F9D-DF5F70DE5521}.Release|Any CPU.ActiveCfg = Release|Any CPU
		{AD758E5E-C958-4848-9F9D-DF5F70DE5521}.Release|Any CPU.Build.0 = Release|Any CPU
		{487FA99E-E90C-47CF-A034-D17082A21465}.Debug|Any CPU.ActiveCfg = Debug|Any CPU
		{487FA99E-E90C-47CF-A034-D17082A21465}.Debug|Any CPU.Build.0 = Debug|Any CPU
		{487FA99E-E90C-47CF-A034-D17082A21465}.Release|Any CPU.ActiveCfg = Release|Any CPU
		{487FA99E-E90C-47CF-A034-D17082A21465}.Release|Any CPU.Build.0 = Release|Any CPU
	EndGlobalSection
	GlobalSection(SolutionProperties) = preSolution
		HideSolutionNode = FALSE
	EndGlobalSection
	GlobalSection(ExtensibilityGlobals) = postSolution
		SolutionGuid = {2D252A92-5E1D-43AB-97AC-18FF5E15B805}
	EndGlobalSection
EndGlobal
