
Microsoft Visual Studio Solution File, Format Version 12.00
# Visual Studio Version 17
VisualStudioVersion = 17.4.33213.308
MinimumVisualStudioVersion = 10.0.40219.1
Project("{FAE04EC0-301F-11D3-BF4B-00C04F79EFBC}") = "Learnify.Web", "Learnify.Web.csproj", "{70B51AFE-F879-44F3-96B8-9527FF4C8B00}"
EndProject
Project("{FAE04EC0-301F-11D3-BF4B-00C04F79EFBC}") = "Learnify.BusinessLogic", "..\Learnify.BusinessLogic\Learnify.BusinessLogic.csproj", "{8B98F2AE-6901-4A40-971A-1B49BD4782ED}"
EndProject
Project("{FAE04EC0-301F-11D3-BF4B-00C04F79EFBC}") = "Learnify.Domain", "..\Learnify.Domain\Learnify.Domain.csproj", "{0C11F4ED-9EE6-48F4-AD94-44EF2242FBA9}"
EndProject
Project("{FAE04EC0-301F-11D3-BF4B-00C04F79EFBC}") = "Learnify.Helpers", "..\Learnify.Helpers\Learnify.Helpers.csproj", "{D50A7A12-10B0-410A-9183-4F12ACD0480F}"
EndProject
Global
	GlobalSection(SolutionConfigurationPlatforms) = preSolution
		Debug|Any CPU = Debug|Any CPU
		Release|Any CPU = Release|Any CPU
	EndGlobalSection
	GlobalSection(ProjectConfigurationPlatforms) = postSolution
		{70B51AFE-F879-44F3-96B8-9527FF4C8B00}.Debug|Any CPU.ActiveCfg = Debug|Any CPU
		{70B51AFE-F879-44F3-96B8-9527FF4C8B00}.Debug|Any CPU.Build.0 = Debug|Any CPU
		{70B51AFE-F879-44F3-96B8-9527FF4C8B00}.Release|Any CPU.ActiveCfg = Release|Any CPU
		{70B51AFE-F879-44F3-96B8-9527FF4C8B00}.Release|Any CPU.Build.0 = Release|Any CPU
		{8B98F2AE-6901-4A40-971A-1B49BD4782ED}.Debug|Any CPU.ActiveCfg = Debug|Any CPU
		{8B98F2AE-6901-4A40-971A-1B49BD4782ED}.Debug|Any CPU.Build.0 = Debug|Any CPU
		{8B98F2AE-6901-4A40-971A-1B49BD4782ED}.Release|Any CPU.ActiveCfg = Release|Any CPU
		{8B98F2AE-6901-4A40-971A-1B49BD4782ED}.Release|Any CPU.Build.0 = Release|Any CPU
		{0C11F4ED-9EE6-48F4-AD94-44EF2242FBA9}.Debug|Any CPU.ActiveCfg = Debug|Any CPU
		{0C11F4ED-9EE6-48F4-AD94-44EF2242FBA9}.Debug|Any CPU.Build.0 = Debug|Any CPU
		{0C11F4ED-9EE6-48F4-AD94-44EF2242FBA9}.Release|Any CPU.ActiveCfg = Release|Any CPU
		{0C11F4ED-9EE6-48F4-AD94-44EF2242FBA9}.Release|Any CPU.Build.0 = Release|Any CPU
		{D50A7A12-10B0-410A-9183-4F12ACD0480F}.Debug|Any CPU.ActiveCfg = Debug|Any CPU
		{D50A7A12-10B0-410A-9183-4F12ACD0480F}.Debug|Any CPU.Build.0 = Debug|Any CPU
		{D50A7A12-10B0-410A-9183-4F12ACD0480F}.Release|Any CPU.ActiveCfg = Release|Any CPU
		{D50A7A12-10B0-410A-9183-4F12ACD0480F}.Release|Any CPU.Build.0 = Release|Any CPU
	EndGlobalSection
	GlobalSection(SolutionProperties) = preSolution
		HideSolutionNode = FALSE
	EndGlobalSection
	GlobalSection(ExtensibilityGlobals) = postSolution
		SolutionGuid = {813339E8-BF5C-44B6-9594-FA5BFA130536}
	EndGlobalSection
EndGlobal
